
Microsoft Visual Studio Solution File, Format Version 12.00
# Visual Studio 15
VisualStudioVersion = 15.0.28307.168
MinimumVisualStudioVersion = 10.0.40219.1
Project("{FAE04EC0-301F-11D3-BF4B-00C04F79EFBC}") = "SharpGPO-RemoteAccessPolicies", "SharpGPO-RemoteAccessPolicies\SharpGPO-RemoteAccessPolicies.csproj", "{FBB1ABCF-2B06-47A0-9311-17BA3D0F2A50}"
EndProject
Global
	GlobalSection(SolutionConfigurationPlatforms) = preSolution
		Debug|Any CPU = Debug|Any CPU
		Release|Any CPU = Release|Any CPU
	EndGlobalSection
	GlobalSection(ProjectConfigurationPlatforms) = postSolution
		{FBB1ABCF-2B06-47A0-9311-17BA3D0F2A50}.Debug|Any CPU.ActiveCfg = Debug|Any CPU
		{FBB1ABCF-2B06-47A0-9311-17BA3D0F2A50}.Debug|Any CPU.Build.0 = Debug|Any CPU
		{FBB1ABCF-2B06-47A0-9311-17BA3D0F2A50}.Release|Any CPU.ActiveCfg = Release|Any CPU
		{FBB1ABCF-2B06-47A0-9311-17BA3D0F2A50}.Release|Any CPU.Build.0 = Release|Any CPU
	EndGlobalSection
	GlobalSection(SolutionProperties) = preSolution
		HideSolutionNode = FALSE
	EndGlobalSection
	GlobalSection(ExtensibilityGlobals) = postSolution
		SolutionGuid = {6F358D6D-8BD7-4777-82B9-54B525E6C634}
	EndGlobalSection
EndGlobal
